
Microsoft Visual Studio Solution File, Format Version 12.00
# Visual Studio Version 16
VisualStudioVersion = 16.0.31205.134
MinimumVisualStudioVersion = 10.0.40219.1
Project("{FAE04EC0-301F-11D3-BF4B-00C04F79EFBC}") = "lab12", "lab12\lab12.csproj", "{0BADD035-BFCC-4BD2-ABA1-373F742BE66A}"
EndProject
Global
	GlobalSection(SolutionConfigurationPlatforms) = preSolution
		Debug|Any CPU = Debug|Any CPU
		Release|Any CPU = Release|Any CPU
	EndGlobalSection
	GlobalSection(ProjectConfigurationPlatforms) = postSolution
		{0BADD035-BFCC-4BD2-ABA1-373F742BE66A}.Debug|Any CPU.ActiveCfg = Debug|Any CPU
		{0BADD035-BFCC-4BD2-ABA1-373F742BE66A}.Debug|Any CPU.Build.0 = Debug|Any CPU
		{0BADD035-BFCC-4BD2-ABA1-373F742BE66A}.Release|Any CPU.ActiveCfg = Release|Any CPU
		{0BADD035-BFCC-4BD2-ABA1-373F742BE66A}.Release|Any CPU.Build.0 = Release|Any CPU
	EndGlobalSection
	GlobalSection(SolutionProperties) = preSolution
		HideSolutionNode = FALSE
	EndGlobalSection
	GlobalSection(ExtensibilityGlobals) = postSolution
		SolutionGuid = {AA6DC801-8E05-4A2A-BD80-CCE5A537DCDD}
	EndGlobalSection
EndGlobal
